// !$*UTF8*$!
{
	archiveVersion = 1;
	classes = {
	};
	objectVersion = 46;
	objects = {

/* Begin PBXBuildFile section */
		D34A9FAF18CB54AE00F579E0 /* Foundation.framework in Frameworks */ = {isa = PBXBuildFile; fileRef = D34A9FAE18CB54AE00F579E0 /* Foundation.framework */; };
		D34A9FB118CB54AE00F579E0 /* CoreGraphics.framework in Frameworks */ = {isa = PBXBuildFile; fileRef = D34A9FB018CB54AE00F579E0 /* CoreGraphics.framework */; };
		D34A9FB318CB54AE00F579E0 /* UIKit.framework in Frameworks */ = {isa = PBXBuildFile; fileRef = D34A9FB218CB54AE00F579E0 /* UIKit.framework */; };
		D34A9FB918CB54AE00F579E0 /* InfoPlist.strings in Resources */ = {isa = PBXBuildFile; fileRef = D34A9FB718CB54AE00F579E0 /* InfoPlist.strings */; };
		D34A9FBB18CB54AE00F579E0 /* main.m in Sources */ = {isa = PBXBuildFile; fileRef = D34A9FBA18CB54AE00F579E0 /* main.m */; };
		D34A9FBF18CB54AE00F579E0 /* FMAppDelegate.m in Sources */ = {isa = PBXBuildFile; fileRef = D34A9FBE18CB54AE00F579E0 /* FMAppDelegate.m */; };
		D34A9FC218CB54AE00F579E0 /* Main.storyboard in Resources */ = {isa = PBXBuildFile; fileRef = D34A9FC018CB54AE00F579E0 /* Main.storyboard */; };
		D34A9FC518CB54AE00F579E0 /* FMViewController.m in Sources */ = {isa = PBXBuildFile; fileRef = D34A9FC418CB54AE00F579E0 /* FMViewController.m */; };
		D34A9FC718CB54AE00F579E0 /* Images.xcassets in Resources */ = {isa = PBXBuildFile; fileRef = D34A9FC618CB54AE00F579E0 /* Images.xcassets */; };
		D34A9FCE18CB54AE00F579E0 /* XCTest.framework in Frameworks */ = {isa = PBXBuildFile; fileRef = D34A9FCD18CB54AE00F579E0 /* XCTest.framework */; };
		D34A9FCF18CB54AE00F579E0 /* Foundation.framework in Frameworks */ = {isa = PBXBuildFile; fileRef = D34A9FAE18CB54AE00F579E0 /* Foundation.framework */; };
		D34A9FD018CB54AE00F579E0 /* UIKit.framework in Frameworks */ = {isa = PBXBuildFile; fileRef = D34A9FB218CB54AE00F579E0 /* UIKit.framework */; };
		D34A9FD818CB54AE00F579E0 /* InfoPlist.strings in Resources */ = {isa = PBXBuildFile; fileRef = D34A9FD618CB54AE00F579E0 /* InfoPlist.strings */; };
		D34A9FDA18CB54AE00F579E0 /* MyTestingStuffTests.m in Sources */ = {isa = PBXBuildFile; fileRef = D34A9FD918CB54AE00F579E0 /* MyTestingStuffTests.m */; };
/* End PBXBuildFile section */

/* Begin PBXContainerItemProxy section */
		D34A9FD118CB54AE00F579E0 /* PBXContainerItemProxy */ = {
			isa = PBXContainerItemProxy;
			containerPortal = D34A9FA318CB54AE00F579E0 /* Project object */;
			proxyType = 1;
			remoteGlobalIDString = D34A9FAA18CB54AE00F579E0;
			remoteInfo = MyTestingStuff;
		};
/* End PBXContainerItemProxy section */

/* Begin PBXFileReference section */
		D34A9FAB18CB54AE00F579E0 /* MyTestingStuff.app */ = {isa = PBXFileReference; explicitFileType = wrapper.application; includeInIndex = 0; path = MyTestingStuff.app; sourceTree = BUILT_PRODUCTS_DIR; };
		D34A9FAE18CB54AE00F579E0 /* Foundation.framework */ = {isa = PBXFileReference; lastKnownFileType = wrapper.framework; name = Foundation.framework; path = System/Library/Frameworks/Foundation.framework; sourceTree = SDKROOT; };
		D34A9FB018CB54AE00F579E0 /* CoreGraphics.framework */ = {isa = PBXFileReference; lastKnownFileType = wrapper.framework; name = CoreGraphics.framework; path = System/Library/Frameworks/CoreGraphics.framework; sourceTree = SDKROOT; };
		D34A9FB218CB54AE00F579E0 /* UIKit.framework */ = {isa = PBXFileReference; lastKnownFileType = wrapper.framework; name = UIKit.framework; path = System/Library/Frameworks/UIKit.framework; sourceTree = SDKROOT; };
		D34A9FB618CB54AE00F579E0 /* MyTestingStuff-Info.plist */ = {isa = PBXFileReference; lastKnownFileType = text.plist.xml; path = "MyTestingStuff-Info.plist"; sourceTree = "<group>"; };
		D34A9FB818CB54AE00F579E0 /* en */ = {isa = PBXFileReference; lastKnownFileType = text.plist.strings; name = en; path = en.lproj/InfoPlist.strings; sourceTree = "<group>"; };
		D34A9FBA18CB54AE00F579E0 /* main.m */ = {isa = PBXFileReference; lastKnownFileType = sourcecode.c.objc; path = main.m; sourceTree = "<group>"; };
		D34A9FBC18CB54AE00F579E0 /* MyTestingStuff-Prefix.pch */ = {isa = PBXFileReference; lastKnownFileType = sourcecode.c.h; path = "MyTestingStuff-Prefix.pch"; sourceTree = "<group>"; };
		D34A9FBD18CB54AE00F579E0 /* FMAppDelegate.h */ = {isa = PBXFileReference; lastKnownFileType = sourcecode.c.h; path = FMAppDelegate.h; sourceTree = "<group>"; };
		D34A9FBE18CB54AE00F579E0 /* FMAppDelegate.m */ = {isa = PBXFileReference; lastKnownFileType = sourcecode.c.objc; path = FMAppDelegate.m; sourceTree = "<group>"; };
		D34A9FC118CB54AE00F579E0 /* Base */ = {isa = PBXFileReference; lastKnownFileType = file.storyboard; name = Base; path = Base.lproj/Main.storyboard; sourceTree = "<group>"; };
		D34A9FC318CB54AE00F579E0 /* FMViewController.h */ = {isa = PBXFileReference; lastKnownFileType = sourcecode.c.h; path = FMViewController.h; sourceTree = "<group>"; };
		D34A9FC418CB54AE00F579E0 /* FMViewController.m */ = {isa = PBXFileReference; lastKnownFileType = sourcecode.c.objc; path = FMViewController.m; sourceTree = "<group>"; };
		D34A9FC618CB54AE00F579E0 /* Images.xcassets */ = {isa = PBXFileReference; lastKnownFileType = folder.assetcatalog; path = Images.xcassets; sourceTree = "<group>"; };
		D34A9FCC18CB54AE00F579E0 /* MyTestingStuffTests.xctest */ = {isa = PBXFileReference; explicitFileType = wrapper.cfbundle; includeInIndex = 0; path = MyTestingStuffTests.xctest; sourceTree = BUILT_PRODUCTS_DIR; };
		D34A9FCD18CB54AE00F579E0 /* XCTest.framework */ = {isa = PBXFileReference; lastKnownFileType = wrapper.framework; name = XCTest.framework; path = Library/Frameworks/XCTest.framework; sourceTree = DEVELOPER_DIR; };
		D34A9FD518CB54AE00F579E0 /* MyTestingStuffTests-Info.plist */ = {isa = PBXFileReference; lastKnownFileType = text.plist.xml; path = "MyTestingStuffTests-Info.plist"; sourceTree = "<group>"; };
		D34A9FD718CB54AE00F579E0 /* en */ = {isa = PBXFileReference; lastKnownFileType = text.plist.strings; name = en; path = en.lproj/InfoPlist.strings; sourceTree = "<group>"; };
		D34A9FD918CB54AE00F579E0 /* MyTestingStuffTests.m */ = {isa = PBXFileReference; lastKnownFileType = sourcecode.c.objc; path = MyTestingStuffTests.m; sourceTree = "<group>"; };
/* End PBXFileReference section */

/* Begin PBXFrameworksBuildPhase section */
		D34A9FA818CB54AE00F579E0 /* Frameworks */ = {
			isa = PBXFrameworksBuildPhase;
			buildActionMask = 2147483647;
			files = (
				D34A9FB118CB54AE00F579E0 /* CoreGraphics.framework in Frameworks */,
				D34A9FB318CB54AE00F579E0 /* UIKit.framework in Frameworks */,
				D34A9FAF18CB54AE00F579E0 /* Foundation.framework in Frameworks */,
			);
			runOnlyForDeploymentPostprocessing = 0;
		};
		D34A9FC918CB54AE00F579E0 /* Frameworks */ = {
			isa = PBXFrameworksBuildPhase;
			buildActionMask = 2147483647;
			files = (
				D34A9FCE18CB54AE00F579E0 /* XCTest.framework in Frameworks */,
				D34A9FD018CB54AE00F579E0 /* UIKit.framework in Frameworks */,
				D34A9FCF18CB54AE00F579E0 /* Foundation.framework in Frameworks */,
			);
			runOnlyForDeploymentPostprocessing = 0;
		};
/* End PBXFrameworksBuildPhase section */

/* Begin PBXGroup section */
		D34A9FA218CB54AE00F579E0 = {
			isa = PBXGroup;
			children = (
				D34A9FB418CB54AE00F579E0 /* MyTestingStuff */,
				D34A9FD318CB54AE00F579E0 /* MyTestingStuffTests */,
				D34A9FAD18CB54AE00F579E0 /* Frameworks */,
				D34A9FAC18CB54AE00F579E0 /* Products */,
			);
			sourceTree = "<group>";
		};
		D34A9FAC18CB54AE00F579E0 /* Products */ = {
			isa = PBXGroup;
			children = (
				D34A9FAB18CB54AE00F579E0 /* MyTestingStuff.app */,
				D34A9FCC18CB54AE00F579E0 /* MyTestingStuffTests.xctest */,
			);
			name = Products;
			sourceTree = "<group>";
		};
		D34A9FAD18CB54AE00F579E0 /* Frameworks */ = {
			isa = PBXGroup;
			children = (
				D34A9FAE18CB54AE00F579E0 /* Foundation.framework */,
				D34A9FB018CB54AE00F579E0 /* CoreGraphics.framework */,
				D34A9FB218CB54AE00F579E0 /* UIKit.framework */,
				D34A9FCD18CB54AE00F579E0 /* XCTest.framework */,
			);
			name = Frameworks;
			sourceTree = "<group>";
		};
		D34A9FB418CB54AE00F579E0 /* MyTestingStuff */ = {
			isa = PBXGroup;
			children = (
				D34A9FBD18CB54AE00F579E0 /* FMAppDelegate.h */,
				D34A9FBE18CB54AE00F579E0 /* FMAppDelegate.m */,
				D34A9FC018CB54AE00F579E0 /* Main.storyboard */,
				D34A9FC318CB54AE00F579E0 /* FMViewController.h */,
				D34A9FC418CB54AE00F579E0 /* FMViewController.m */,
				D34A9FC618CB54AE00F579E0 /* Images.xcassets */,
				D34A9FB518CB54AE00F579E0 /* Supporting Files */,
			);
			path = MyTestingStuff;
			sourceTree = "<group>";
		};
		D34A9FB518CB54AE00F579E0 /* Supporting Files */ = {
			isa = PBXGroup;
			children = (
				D34A9FB618CB54AE00F579E0 /* MyTestingStuff-Info.plist */,
				D34A9FB718CB54AE00F579E0 /* InfoPlist.strings */,
				D34A9FBA18CB54AE00F579E0 /* main.m */,
				D34A9FBC18CB54AE00F579E0 /* MyTestingStuff-Prefix.pch */,
			);
			name = "Supporting Files";
			sourceTree = "<group>";
		};
		D34A9FD318CB54AE00F579E0 /* MyTestingStuffTests */ = {
			isa = PBXGroup;
			children = (
				D34A9FD918CB54AE00F579E0 /* MyTestingStuffTests.m */,
				D34A9FD418CB54AE00F579E0 /* Supporting Files */,
			);
			path = MyTestingStuffTests;
			sourceTree = "<group>";
		};
		D34A9FD418CB54AE00F579E0 /* Supporting Files */ = {
			isa = PBXGroup;
			children = (
				D34A9FD518CB54AE00F579E0 /* MyTestingStuffTests-Info.plist */,
				D34A9FD618CB54AE00F579E0 /* InfoPlist.strings */,
			);
			name = "Supporting Files";
			sourceTree = "<group>";
		};
/* End PBXGroup section */

/* Begin PBXNativeTarget section */
		D34A9FAA18CB54AE00F579E0 /* MyTestingStuff */ = {
			isa = PBXNativeTarget;
			buildConfigurationList = D34A9FDD18CB54AE00F579E0 /* Build configuration list for PBXNativeTarget "MyTestingStuff" */;
			buildPhases = (
				D34A9FA718CB54AE00F579E0 /* Sources */,
				D34A9FA818CB54AE00F579E0 /* Frameworks */,
				D34A9FA918CB54AE00F579E0 /* Resources */,
			);
			buildRules = (
			);
			dependencies = (
			);
			name = MyTestingStuff;
			productName = MyTestingStuff;
			productReference = D34A9FAB18CB54AE00F579E0 /* MyTestingStuff.app */;
			productType = "com.apple.product-type.application";
		};
		D34A9FCB18CB54AE00F579E0 /* MyTestingStuffTests */ = {
			isa = PBXNativeTarget;
			buildConfigurationList = D34A9FE018CB54AE00F579E0 /* Build configuration list for PBXNativeTarget "MyTestingStuffTests" */;
			buildPhases = (
				D34A9FC818CB54AE00F579E0 /* Sources */,
				D34A9FC918CB54AE00F579E0 /* Frameworks */,
				D34A9FCA18CB54AE00F579E0 /* Resources */,
			);
			buildRules = (
			);
			dependencies = (
				D34A9FD218CB54AE00F579E0 /* PBXTargetDependency */,
			);
			name = MyTestingStuffTests;
			productName = MyTestingStuffTests;
			productReference = D34A9FCC18CB54AE00F579E0 /* MyTestingStuffTests.xctest */;
			productType = "com.apple.product-type.bundle.unit-test";
		};
/* End PBXNativeTarget section */

/* Begin PBXProject section */
		D34A9FA318CB54AE00F579E0 /* Project object */ = {
			isa = PBXProject;
			attributes = {
				CLASSPREFIX = FM;
				LastUpgradeCheck = 0500;
				ORGANIZATIONNAME = "Fredrick Myers";
				TargetAttributes = {
					D34A9FCB18CB54AE00F579E0 = {
						TestTargetID = D34A9FAA18CB54AE00F579E0;
					};
				};
			};
			buildConfigurationList = D34A9FA618CB54AE00F579E0 /* Build configuration list for PBXProject "MyTestingStuff" */;
			compatibilityVersion = "Xcode 3.2";
			developmentRegion = English;
			hasScannedForEncodings = 0;
			knownRegions = (
				en,
				Base,
			);
			mainGroup = D34A9FA218CB54AE00F579E0;
			productRefGroup = D34A9FAC18CB54AE00F579E0 /* Products */;
			projectDirPath = "";
			projectRoot = "";
			targets = (
				D34A9FAA18CB54AE00F579E0 /* MyTestingStuff */,
				D34A9FCB18CB54AE00F579E0 /* MyTestingStuffTests */,
			);
		};
/* End PBXProject section */

/* Begin PBXResourcesBuildPhase section */
		D34A9FA918CB54AE00F579E0 /* Resources */ = {
			isa = PBXResourcesBuildPhase;
			buildActionMask = 2147483647;
			files = (
				D34A9FC718CB54AE00F579E0 /* Images.xcassets in Resources */,
				D34A9FB918CB54AE00F579E0 /* InfoPlist.strings in Resources */,
				D34A9FC218CB54AE00F579E0 /* Main.storyboard in Resources */,
			);
			runOnlyForDeploymentPostprocessing = 0;
		};
		D34A9FCA18CB54AE00F579E0 /* Resources */ = {
			isa = PBXResourcesBuildPhase;
			buildActionMask = 2147483647;
			files = (
				D34A9FD818CB54AE00F579E0 /* InfoPlist.strings in Resources */,
			);
			runOnlyForDeploymentPostprocessing = 0;
		};
/* End PBXResourcesBuildPhase section */

/* Begin PBXSourcesBuildPhase section */
		D34A9FA718CB54AE00F579E0 /* Sources */ = {
			isa = PBXSourcesBuildPhase;
			buildActionMask = 2147483647;
			files = (
				D34A9FBB18CB54AE00F579E0 /* main.m in Sources */,
				D34A9FBF18CB54AE00F579E0 /* FMAppDelegate.m in Sources */,
				D34A9FC518CB54AE00F579E0 /* FMViewController.m in Sources */,
			);
			runOnlyForDeploymentPostprocessing = 0;
		};
		D34A9FC818CB54AE00F579E0 /* Sources */ = {
			isa = PBXSourcesBuildPhase;
			buildActionMask = 2147483647;
			files = (
				D34A9FDA18CB54AE00F579E0 /* MyTestingStuffTests.m in Sources */,
			);
			runOnlyForDeploymentPostprocessing = 0;
		};
/* End PBXSourcesBuildPhase section */

/* Begin PBXTargetDependency section */
		D34A9FD218CB54AE00F579E0 /* PBXTargetDependency */ = {
			isa = PBXTargetDependency;
			target = D34A9FAA18CB54AE00F579E0 /* MyTestingStuff */;
			targetProxy = D34A9FD118CB54AE00F579E0 /* PBXContainerItemProxy */;
		};
/* End PBXTargetDependency section */

/* Begin PBXVariantGroup section */
		D34A9FB718CB54AE00F579E0 /* InfoPlist.strings */ = {
			isa = PBXVariantGroup;
			children = (
				D34A9FB818CB54AE00F579E0 /* en */,
			);
			name = InfoPlist.strings;
			sourceTree = "<group>";
		};
		D34A9FC018CB54AE00F579E0 /* Main.storyboard */ = {
			isa = PBXVariantGroup;
			children = (
				D34A9FC118CB54AE00F579E0 /* Base */,
			);
			name = Main.storyboard;
			sourceTree = "<group>";
		};
		D34A9FD618CB54AE00F579E0 /* InfoPlist.strings */ = {
			isa = PBXVariantGroup;
			children = (
				D34A9FD718CB54AE00F579E0 /* en */,
			);
			name = InfoPlist.strings;
			sourceTree = "<group>";
		};
/* End PBXVariantGroup section */

/* Begin XCBuildConfiguration section */
		D34A9FDB18CB54AE00F579E0 /* Debug */ = {
			isa = XCBuildConfiguration;
			buildSettings = {
				ALWAYS_SEARCH_USER_PATHS = NO;
				ARCHS = "$(ARCHS_STANDARD_INCLUDING_64_BIT)";
				CLANG_CXX_LANGUAGE_STANDARD = "gnu++0x";
				CLANG_CXX_LIBRARY = "libc++";
				CLANG_ENABLE_MODULES = YES;
				CLANG_ENABLE_OBJC_ARC = YES;
				CLANG_WARN_BOOL_CONVERSION = YES;
				CLANG_WARN_CONSTANT_CONVERSION = YES;
				CLANG_WARN_DIRECT_OBJC_ISA_USAGE = YES_ERROR;
				CLANG_WARN_EMPTY_BODY = YES;
				CLANG_WARN_ENUM_CONVERSION = YES;
				CLANG_WARN_INT_CONVERSION = YES;
				CLANG_WARN_OBJC_ROOT_CLASS = YES_ERROR;
				CLANG_WARN__DUPLICATE_METHOD_MATCH = YES;
				"CODE_SIGN_IDENTITY[sdk=iphoneos*]" = "iPhone Developer";
				COPY_PHASE_STRIP = NO;
				GCC_C_LANGUAGE_STANDARD = gnu99;
				GCC_DYNAMIC_NO_PIC = NO;
				GCC_OPTIMIZATION_LEVEL = 0;
				GCC_PREPROCESSOR_DEFINITIONS = (
					"DEBUG=1",
					"$(inherited)",
				);
				GCC_SYMBOLS_PRIVATE_EXTERN = NO;
				GCC_WARN_64_TO_32_BIT_CONVERSION = YES;
				GCC_WARN_ABOUT_RETURN_TYPE = YES_ERROR;
				GCC_WARN_UNDECLARED_SELECTOR = YES;
				GCC_WARN_UNINITIALIZED_AUTOS = YES;
				GCC_WARN_UNUSED_FUNCTION = YES;
				GCC_WARN_UNUSED_VARIABLE = YES;
				IPHONEOS_DEPLOYMENT_TARGET = 7.0;
				ONLY_ACTIVE_ARCH = YES;
				SDKROOT = iphoneos;
			};
			name = Debug;
		};
		D34A9FDC18CB54AE00F579E0 /* Release */ = {
			isa = XCBuildConfiguration;
			buildSettings = {
				ALWAYS_SEARCH_USER_PATHS = NO;
				ARCHS = "$(ARCHS_STANDARD_INCLUDING_64_BIT)";
				CLANG_CXX_LANGUAGE_STANDARD = "gnu++0x";
				CLANG_CXX_LIBRARY = "libc++";
				CLANG_ENABLE_MODULES = YES;
				CLANG_ENABLE_OBJC_ARC = YES;
				CLANG_WARN_BOOL_CONVERSION = YES;
				CLANG_WARN_CONSTANT_CONVERSION = YES;
				CLANG_WARN_DIRECT_OBJC_ISA_USAGE = YES_ERROR;
				CLANG_WARN_EMPTY_BODY = YES;
				CLANG_WARN_ENUM_CONVERSION = YES;
				CLANG_WARN_INT_CONVERSION = YES;
				CLANG_WARN_OBJC_ROOT_CLASS = YES_ERROR;
				CLANG_WARN__DUPLICATE_METHOD_MATCH = YES;
				"CODE_SIGN_IDENTITY[sdk=iphoneos*]" = "iPhone Developer";
				COPY_PHASE_STRIP = YES;
				ENABLE_NS_ASSERTIONS = NO;
				GCC_C_LANGUAGE_STANDARD = gnu99;
				GCC_WARN_64_TO_32_BIT_CONVERSION = YES;
				GCC_WARN_ABOUT_RETURN_TYPE = YES_ERROR;
				GCC_WARN_UNDECLARED_SELECTOR = YES;
				GCC_WARN_UNINITIALIZED_AUTOS = YES;
				GCC_WARN_UNUSED_FUNCTION = YES;
				GCC_WARN_UNUSED_VARIABLE = YES;
				IPHONEOS_DEPLOYMENT_TARGET = 7.0;
				SDKROOT = iphoneos;
				VALIDATE_PRODUCT = YES;
			};
			name = Release;
		};
		D34A9FDE18CB54AE00F579E0 /* Debug */ = {
			isa = XCBuildConfiguration;
			buildSettings = {
				ASSETCATALOG_COMPILER_APPICON_NAME = AppIcon;
				ASSETCATALOG_COMPILER_LAUNCHIMAGE_NAME = LaunchImage;
				GCC_PRECOMPILE_PREFIX_HEADER = YES;
				GCC_PREFIX_HEADER = "MyTestingStuff/MyTestingStuff-Prefix.pch";
				INFOPLIST_FILE = "MyTestingStuff/MyTestingStuff-Info.plist";
				PRODUCT_NAME = "$(TARGET_NAME)";
				WRAPPER_EXTENSION = app;
			};
			name = Debug;
		};
		D34A9FDF18CB54AE00F579E0 /* Release */ = {
			isa = XCBuildConfiguration;
			buildSettings = {
				ASSETCATALOG_COMPILER_APPICON_NAME = AppIcon;
				ASSETCATALOG_COMPILER_LAUNCHIMAGE_NAME = LaunchImage;
				GCC_PRECOMPILE_PREFIX_HEADER = YES;
				GCC_PREFIX_HEADER = "MyTestingStuff/MyTestingStuff-Prefix.pch";
				INFOPLIST_FILE = "MyTestingStuff/MyTestingStuff-Info.plist";
				PRODUCT_NAME = "$(TARGET_NAME)";
				WRAPPER_EXTENSION = app;
			};
			name = Release;
		};
		D34A9FE118CB54AE00F579E0 /* Debug */ = {
			isa = XCBuildConfiguration;
			buildSettings = {
				ARCHS = "$(ARCHS_STANDARD_INCLUDING_64_BIT)";
				BUNDLE_LOADER = "$(BUILT_PRODUCTS_DIR)/MyTestingStuff.app/MyTestingStuff";
				FRAMEWORK_SEARCH_PATHS = (
					"$(SDKROOT)/Developer/Library/Frameworks",
					"$(inherited)",
					"$(DEVELOPER_FRAMEWORKS_DIR)",
				);
				GCC_PRECOMPILE_PREFIX_HEADER = YES;
				GCC_PREFIX_HEADER = "MyTestingStuff/MyTestingStuff-Prefix.pch";
				GCC_PREPROCESSOR_DEFINITIONS = (
					"DEBUG=1",
					"$(inherited)",
				);
				INFOPLIST_FILE = "MyTestingStuffTests/MyTestingStuffTests-Info.plist";
				PRODUCT_NAME = "$(TARGET_NAME)";
				TEST_HOST = "$(BUNDLE_LOADER)";
				WRAPPER_EXTENSION = xctest;
			};
			name = Debug;
		};
		D34A9FE218CB54AE00F579E0 /* Release */ = {
			isa = XCBuildConfiguration;
			buildSettings = {
				ARCHS = "$(ARCHS_STANDARD_INCLUDING_64_BIT)";
				BUNDLE_LOADER = "$(BUILT_PRODUCTS_DIR)/MyTestingStuff.app/MyTestingStuff";
				FRAMEWORK_SEARCH_PATHS = (
					"$(SDKROOT)/Developer/Library/Frameworks",
					"$(inherited)",
					"$(DEVELOPER_FRAMEWORKS_DIR)",
				);
				GCC_PRECOMPILE_PREFIX_HEADER = YES;
				GCC_PREFIX_HEADER = "MyTestingStuff/MyTestingStuff-Prefix.pch";
				INFOPLIST_FILE = "MyTestingStuffTests/MyTestingStuffTests-Info.plist";
				PRODUCT_NAME = "$(TARGET_NAME)";
				TEST_HOST = "$(BUNDLE_LOADER)";
				WRAPPER_EXTENSION = xctest;
			};
			name = Release;
		};
/* End XCBuildConfiguration section */

/* Begin XCConfigurationList section */
		D34A9FA618CB54AE00F579E0 /* Build configuration list for PBXProject "MyTestingStuff" */ = {
			isa = XCConfigurationList;
			buildConfigurations = (
				D34A9FDB18CB54AE00F579E0 /* Debug */,
				D34A9FDC18CB54AE00F579E0 /* Release */,
			);
			defaultConfigurationIsVisible = 0;
			defaultConfigurationName = Release;
		};
		D34A9FDD18CB54AE00F579E0 /* Build configuration list for PBXNativeTarget "MyTestingStuff" */ = {
			isa = XCConfigurationList;
			buildConfigurations = (
				D34A9FDE18CB54AE00F579E0 /* Debug */,
				D34A9FDF18CB54AE00F579E0 /* Release */,
			);
			defaultConfigurationIsVisible = 0;
		};
		D34A9FE018CB54AE00F579E0 /* Build configuration list for PBXNativeTarget "MyTestingStuffTests" */ = {
			isa = XCConfigurationList;
			buildConfigurations = (
				D34A9FE118CB54AE00F579E0 /* Debug */,
				D34A9FE218CB54AE00F579E0 /* Release */,
			);
			defaultConfigurationIsVisible = 0;
		};
/* End XCConfigurationList section */
	};
	rootObject = D34A9FA318CB54AE00F579E0 /* Project object */;
}
